// !$*UTF8*$!
{
	archiveVersion = 1;
	classes = {
	};
	objectVersion = 55;
	objects = {

/* Begin PBXBuildFile section */
		43248B652805B00800928F05 /* CodeTextView.swift in Sources */ = {isa = PBXBuildFile; fileRef = 43248B642805B00800928F05 /* CodeTextView.swift */; };
		43248B662805B00800928F05 /* CodeTextView.swift in Sources */ = {isa = PBXBuildFile; fileRef = 43248B642805B00800928F05 /* CodeTextView.swift */; };
		43695DB3280105F8000DF300 /* Module.swift in Sources */ = {isa = PBXBuildFile; fileRef = 43695DB2280105F8000DF300 /* Module.swift */; };
		43695DB4280105F8000DF300 /* Module.swift in Sources */ = {isa = PBXBuildFile; fileRef = 43695DB2280105F8000DF300 /* Module.swift */; };
		43695DB628010667000DF300 /* Content.swift in Sources */ = {isa = PBXBuildFile; fileRef = 43695DB528010667000DF300 /* Content.swift */; };
		43695DB728010667000DF300 /* Content.swift in Sources */ = {isa = PBXBuildFile; fileRef = 43695DB528010667000DF300 /* Content.swift */; };
		43695DB92801070E000DF300 /* Lesson.swift in Sources */ = {isa = PBXBuildFile; fileRef = 43695DB82801070E000DF300 /* Lesson.swift */; };
		43695DBA2801070E000DF300 /* Lesson.swift in Sources */ = {isa = PBXBuildFile; fileRef = 43695DB82801070E000DF300 /* Lesson.swift */; };
		43695DBC280107F9000DF300 /* Test.swift in Sources */ = {isa = PBXBuildFile; fileRef = 43695DBB280107F9000DF300 /* Test.swift */; };
		43695DBD280107F9000DF300 /* Test.swift in Sources */ = {isa = PBXBuildFile; fileRef = 43695DBB280107F9000DF300 /* Test.swift */; };
		43695DBF2801087E000DF300 /* Question.swift in Sources */ = {isa = PBXBuildFile; fileRef = 43695DBE2801087E000DF300 /* Question.swift */; };
		43695DC02801087E000DF300 /* Question.swift in Sources */ = {isa = PBXBuildFile; fileRef = 43695DBE2801087E000DF300 /* Question.swift */; };
		437235FB2804B6F100185ED5 /* ContentView.swift in Sources */ = {isa = PBXBuildFile; fileRef = 437235FA2804B6F100185ED5 /* ContentView.swift */; };
		437235FC2804B6F100185ED5 /* ContentView.swift in Sources */ = {isa = PBXBuildFile; fileRef = 437235FA2804B6F100185ED5 /* ContentView.swift */; };
		437235FE2804C92400185ED5 /* ContentViewRow.swift in Sources */ = {isa = PBXBuildFile; fileRef = 437235FD2804C92400185ED5 /* ContentViewRow.swift */; };
		437235FF2804C92400185ED5 /* ContentViewRow.swift in Sources */ = {isa = PBXBuildFile; fileRef = 437235FD2804C92400185ED5 /* ContentViewRow.swift */; };
		437236012804D3CA00185ED5 /* ContentDetailView.swift in Sources */ = {isa = PBXBuildFile; fileRef = 437236002804D3CA00185ED5 /* ContentDetailView.swift */; };
		437236022804D3CA00185ED5 /* ContentDetailView.swift in Sources */ = {isa = PBXBuildFile; fileRef = 437236002804D3CA00185ED5 /* ContentDetailView.swift */; };
		437236052804DD0100185ED5 /* AVKit.framework in Frameworks */ = {isa = PBXBuildFile; fileRef = 437236042804DD0100185ED5 /* AVKit.framework */; };
		437236072804DE6B00185ED5 /* Constants.swift in Sources */ = {isa = PBXBuildFile; fileRef = 437236062804DE6B00185ED5 /* Constants.swift */; };
		437236082804DE6B00185ED5 /* Constants.swift in Sources */ = {isa = PBXBuildFile; fileRef = 437236062804DE6B00185ED5 /* Constants.swift */; };
		43B5B9C427FDD3610094CE7E /* LearningApp.swift in Sources */ = {isa = PBXBuildFile; fileRef = 43B5B9B427FDD35E0094CE7E /* LearningApp.swift */; };
		43B5B9C527FDD3610094CE7E /* LearningApp.swift in Sources */ = {isa = PBXBuildFile; fileRef = 43B5B9B427FDD35E0094CE7E /* LearningApp.swift */; };
		43B5B9C627FDD3610094CE7E /* HomeView.swift in Sources */ = {isa = PBXBuildFile; fileRef = 43B5B9B527FDD35E0094CE7E /* HomeView.swift */; };
		43B5B9C727FDD3610094CE7E /* HomeView.swift in Sources */ = {isa = PBXBuildFile; fileRef = 43B5B9B527FDD35E0094CE7E /* HomeView.swift */; };
		43B5B9C827FDD3610094CE7E /* Assets.xcassets in Resources */ = {isa = PBXBuildFile; fileRef = 43B5B9B627FDD3610094CE7E /* Assets.xcassets */; };
		43B5B9C927FDD3610094CE7E /* Assets.xcassets in Resources */ = {isa = PBXBuildFile; fileRef = 43B5B9B627FDD3610094CE7E /* Assets.xcassets */; };
		43B5B9D827FDD6380094CE7E /* ContentModel.swift in Sources */ = {isa = PBXBuildFile; fileRef = 43B5B9D727FDD6380094CE7E /* ContentModel.swift */; };
		43B5B9D927FDD6380094CE7E /* ContentModel.swift in Sources */ = {isa = PBXBuildFile; fileRef = 43B5B9D727FDD6380094CE7E /* ContentModel.swift */; };
		43B5B9DC27FDDAB20094CE7E /* data.json in Resources */ = {isa = PBXBuildFile; fileRef = 43B5B9DA27FDDAB20094CE7E /* data.json */; };
		43B5B9DD27FDDAB20094CE7E /* data.json in Resources */ = {isa = PBXBuildFile; fileRef = 43B5B9DA27FDDAB20094CE7E /* data.json */; };
		43B5B9DE27FDDAB20094CE7E /* style.html in Resources */ = {isa = PBXBuildFile; fileRef = 43B5B9DB27FDDAB20094CE7E /* style.html */; };
		43B5B9DF27FDDAB20094CE7E /* style.html in Resources */ = {isa = PBXBuildFile; fileRef = 43B5B9DB27FDDAB20094CE7E /* style.html */; };
		43CC119F28046BED006300C2 /* HomeViewRow.swift in Sources */ = {isa = PBXBuildFile; fileRef = 43CC119E28046BED006300C2 /* HomeViewRow.swift */; };
		43CC11A028046BED006300C2 /* HomeViewRow.swift in Sources */ = {isa = PBXBuildFile; fileRef = 43CC119E28046BED006300C2 /* HomeViewRow.swift */; };
		43CC211928072D5100162629 /* RectangleCard.swift in Sources */ = {isa = PBXBuildFile; fileRef = 43CC211828072D5100162629 /* RectangleCard.swift */; };
		43CC211A28072D5100162629 /* RectangleCard.swift in Sources */ = {isa = PBXBuildFile; fileRef = 43CC211828072D5100162629 /* RectangleCard.swift */; };
/* End PBXBuildFile section */

/* Begin PBXFileReference section */
		43248B642805B00800928F05 /* CodeTextView.swift */ = {isa = PBXFileReference; lastKnownFileType = sourcecode.swift; path = CodeTextView.swift; sourceTree = "<group>"; };
		43695DB2280105F8000DF300 /* Module.swift */ = {isa = PBXFileReference; lastKnownFileType = sourcecode.swift; path = Module.swift; sourceTree = "<group>"; };
		43695DB528010667000DF300 /* Content.swift */ = {isa = PBXFileReference; lastKnownFileType = sourcecode.swift; path = Content.swift; sourceTree = "<group>"; };
		43695DB82801070E000DF300 /* Lesson.swift */ = {isa = PBXFileReference; lastKnownFileType = sourcecode.swift; path = Lesson.swift; sourceTree = "<group>"; };
		43695DBB280107F9000DF300 /* Test.swift */ = {isa = PBXFileReference; lastKnownFileType = sourcecode.swift; path = Test.swift; sourceTree = "<group>"; };
		43695DBE2801087E000DF300 /* Question.swift */ = {isa = PBXFileReference; lastKnownFileType = sourcecode.swift; path = Question.swift; sourceTree = "<group>"; };
		437235FA2804B6F100185ED5 /* ContentView.swift */ = {isa = PBXFileReference; lastKnownFileType = sourcecode.swift; path = ContentView.swift; sourceTree = "<group>"; };
		437235FD2804C92400185ED5 /* ContentViewRow.swift */ = {isa = PBXFileReference; lastKnownFileType = sourcecode.swift; path = ContentViewRow.swift; sourceTree = "<group>"; };
		437236002804D3CA00185ED5 /* ContentDetailView.swift */ = {isa = PBXFileReference; lastKnownFileType = sourcecode.swift; path = ContentDetailView.swift; sourceTree = "<group>"; };
		437236042804DD0100185ED5 /* AVKit.framework */ = {isa = PBXFileReference; lastKnownFileType = wrapper.framework; name = AVKit.framework; path = Platforms/iPhoneOS.platform/Developer/SDKs/iPhoneOS15.4.sdk/System/Library/Frameworks/AVKit.framework; sourceTree = DEVELOPER_DIR; };
		437236062804DE6B00185ED5 /* Constants.swift */ = {isa = PBXFileReference; lastKnownFileType = sourcecode.swift; path = Constants.swift; sourceTree = "<group>"; };
		43B5B9B427FDD35E0094CE7E /* LearningApp.swift */ = {isa = PBXFileReference; lastKnownFileType = sourcecode.swift; path = LearningApp.swift; sourceTree = "<group>"; };
		43B5B9B527FDD35E0094CE7E /* HomeView.swift */ = {isa = PBXFileReference; lastKnownFileType = sourcecode.swift; path = HomeView.swift; sourceTree = "<group>"; };
		43B5B9B627FDD3610094CE7E /* Assets.xcassets */ = {isa = PBXFileReference; lastKnownFileType = folder.assetcatalog; path = Assets.xcassets; sourceTree = "<group>"; };
		43B5B9BB27FDD3610094CE7E /* Learning App.app */ = {isa = PBXFileReference; explicitFileType = wrapper.application; includeInIndex = 0; path = "Learning App.app"; sourceTree = BUILT_PRODUCTS_DIR; };
		43B5B9C127FDD3610094CE7E /* Learning App.app */ = {isa = PBXFileReference; explicitFileType = wrapper.application; includeInIndex = 0; path = "Learning App.app"; sourceTree = BUILT_PRODUCTS_DIR; };
		43B5B9C327FDD3610094CE7E /* macOS.entitlements */ = {isa = PBXFileReference; lastKnownFileType = text.plist.entitlements; path = macOS.entitlements; sourceTree = "<group>"; };
		43B5B9D727FDD6380094CE7E /* ContentModel.swift */ = {isa = PBXFileReference; lastKnownFileType = sourcecode.swift; path = ContentModel.swift; sourceTree = "<group>"; };
		43B5B9DA27FDDAB20094CE7E /* data.json */ = {isa = PBXFileReference; fileEncoding = 4; lastKnownFileType = text.json; path = data.json; sourceTree = "<group>"; };
		43B5B9DB27FDDAB20094CE7E /* style.html */ = {isa = PBXFileReference; fileEncoding = 4; lastKnownFileType = text.html; path = style.html; sourceTree = "<group>"; };
		43CC119E28046BED006300C2 /* HomeViewRow.swift */ = {isa = PBXFileReference; lastKnownFileType = sourcecode.swift; path = HomeViewRow.swift; sourceTree = "<group>"; };
		43CC211828072D5100162629 /* RectangleCard.swift */ = {isa = PBXFileReference; lastKnownFileType = sourcecode.swift; path = RectangleCard.swift; sourceTree = "<group>"; };
/* End PBXFileReference section */

/* Begin PBXFrameworksBuildPhase section */
		43B5B9B827FDD3610094CE7E /* Frameworks */ = {
			isa = PBXFrameworksBuildPhase;
			buildActionMask = 2147483647;
			files = (
				437236052804DD0100185ED5 /* AVKit.framework in Frameworks */,
			);
			runOnlyForDeploymentPostprocessing = 0;
		};
		43B5B9BE27FDD3610094CE7E /* Frameworks */ = {
			isa = PBXFrameworksBuildPhase;
			buildActionMask = 2147483647;
			files = (
			);
			runOnlyForDeploymentPostprocessing = 0;
		};
/* End PBXFrameworksBuildPhase section */

/* Begin PBXGroup section */
		437236032804DD0000185ED5 /* Frameworks */ = {
			isa = PBXGroup;
			children = (
				437236042804DD0100185ED5 /* AVKit.framework */,
			);
			name = Frameworks;
			sourceTree = "<group>";
		};
		43B5B9AE27FDD35E0094CE7E = {
			isa = PBXGroup;
			children = (
				43B5B9B327FDD35E0094CE7E /* Shared */,
				43B5B9C227FDD3610094CE7E /* macOS */,
				43B5B9BC27FDD3610094CE7E /* Products */,
				437236032804DD0000185ED5 /* Frameworks */,
			);
			sourceTree = "<group>";
		};
		43B5B9B327FDD35E0094CE7E /* Shared */ = {
			isa = PBXGroup;
			children = (
				43B5B9B427FDD35E0094CE7E /* LearningApp.swift */,
				43B5B9D427FDD5030094CE7E /* Models */,
				43B5B9D227FDD4DC0094CE7E /* Views */,
				43B5B9D327FDD4F30094CE7E /* View Models */,
				43B5B9D527FDD5A90094CE7E /* Helpers */,
				43B5B9D627FDD5E30094CE7E /* Resources */,
				43B5B9B627FDD3610094CE7E /* Assets.xcassets */,
			);
			path = Shared;
			sourceTree = "<group>";
		};
		43B5B9BC27FDD3610094CE7E /* Products */ = {
			isa = PBXGroup;
			children = (
				43B5B9BB27FDD3610094CE7E /* Learning App.app */,
				43B5B9C127FDD3610094CE7E /* Learning App.app */,
			);
			name = Products;
			sourceTree = "<group>";
		};
		43B5B9C227FDD3610094CE7E /* macOS */ = {
			isa = PBXGroup;
			children = (
				43B5B9C327FDD3610094CE7E /* macOS.entitlements */,
			);
			path = macOS;
			sourceTree = "<group>";
		};
		43B5B9D227FDD4DC0094CE7E /* Views */ = {
			isa = PBXGroup;
			children = (
				43B5B9B527FDD35E0094CE7E /* HomeView.swift */,
				43CC119E28046BED006300C2 /* HomeViewRow.swift */,
				437235FA2804B6F100185ED5 /* ContentView.swift */,
				437235FD2804C92400185ED5 /* ContentViewRow.swift */,
				437236002804D3CA00185ED5 /* ContentDetailView.swift */,
				43248B642805B00800928F05 /* CodeTextView.swift */,
				43CC211828072D5100162629 /* RectangleCard.swift */,
			);
			path = Views;
			sourceTree = "<group>";
		};
		43B5B9D327FDD4F30094CE7E /* View Models */ = {
			isa = PBXGroup;
			children = (
				43B5B9D727FDD6380094CE7E /* ContentModel.swift */,
			);
			path = "View Models";
			sourceTree = "<group>";
		};
		43B5B9D427FDD5030094CE7E /* Models */ = {
			isa = PBXGroup;
			children = (
				43695DB2280105F8000DF300 /* Module.swift */,
				43695DB528010667000DF300 /* Content.swift */,
				43695DB82801070E000DF300 /* Lesson.swift */,
				43695DBB280107F9000DF300 /* Test.swift */,
				43695DBE2801087E000DF300 /* Question.swift */,
			);
			path = Models;
			sourceTree = "<group>";
		};
		43B5B9D527FDD5A90094CE7E /* Helpers */ = {
			isa = PBXGroup;
			children = (
			);
			path = Helpers;
			sourceTree = "<group>";
		};
		43B5B9D627FDD5E30094CE7E /* Resources */ = {
			isa = PBXGroup;
			children = (
				43B5B9DA27FDDAB20094CE7E /* data.json */,
				43B5B9DB27FDDAB20094CE7E /* style.html */,
				437236062804DE6B00185ED5 /* Constants.swift */,
			);
			path = Resources;
			sourceTree = "<group>";
		};
/* End PBXGroup section */

/* Begin PBXNativeTarget section */
		43B5B9BA27FDD3610094CE7E /* Learning App (iOS) */ = {
			isa = PBXNativeTarget;
			buildConfigurationList = 43B5B9CC27FDD3610094CE7E /* Build configuration list for PBXNativeTarget "Learning App (iOS)" */;
			buildPhases = (
				43B5B9B727FDD3610094CE7E /* Sources */,
				43B5B9B827FDD3610094CE7E /* Frameworks */,
				43B5B9B927FDD3610094CE7E /* Resources */,
			);
			buildRules = (
			);
			dependencies = (
			);
			name = "Learning App (iOS)";
			productName = "Learning App (iOS)";
			productReference = 43B5B9BB27FDD3610094CE7E /* Learning App.app */;
			productType = "com.apple.product-type.application";
		};
		43B5B9C027FDD3610094CE7E /* Learning App (macOS) */ = {
			isa = PBXNativeTarget;
			buildConfigurationList = 43B5B9CF27FDD3610094CE7E /* Build configuration list for PBXNativeTarget "Learning App (macOS)" */;
			buildPhases = (
				43B5B9BD27FDD3610094CE7E /* Sources */,
				43B5B9BE27FDD3610094CE7E /* Frameworks */,
				43B5B9BF27FDD3610094CE7E /* Resources */,
			);
			buildRules = (
			);
			dependencies = (
			);
			name = "Learning App (macOS)";
			productName = "Learning App (macOS)";
			productReference = 43B5B9C127FDD3610094CE7E /* Learning App.app */;
			productType = "com.apple.product-type.application";
		};
/* End PBXNativeTarget section */

/* Begin PBXProject section */
		43B5B9AF27FDD35E0094CE7E /* Project object */ = {
			isa = PBXProject;
			attributes = {
				BuildIndependentTargetsInParallel = 1;
				LastSwiftUpdateCheck = 1330;
				LastUpgradeCheck = 1330;
				TargetAttributes = {
					43B5B9BA27FDD3610094CE7E = {
						CreatedOnToolsVersion = 13.3;
					};
					43B5B9C027FDD3610094CE7E = {
						CreatedOnToolsVersion = 13.3;
					};
				};
			};
			buildConfigurationList = 43B5B9B227FDD35E0094CE7E /* Build configuration list for PBXProject "Learning App" */;
			compatibilityVersion = "Xcode 13.0";
			developmentRegion = en;
			hasScannedForEncodings = 0;
			knownRegions = (
				en,
				Base,
			);
			mainGroup = 43B5B9AE27FDD35E0094CE7E;
			productRefGroup = 43B5B9BC27FDD3610094CE7E /* Products */;
			projectDirPath = "";
			projectRoot = "";
			targets = (
				43B5B9BA27FDD3610094CE7E /* Learning App (iOS) */,
				43B5B9C027FDD3610094CE7E /* Learning App (macOS) */,
			);
		};
/* End PBXProject section */

/* Begin PBXResourcesBuildPhase section */
		43B5B9B927FDD3610094CE7E /* Resources */ = {
			isa = PBXResourcesBuildPhase;
			buildActionMask = 2147483647;
			files = (
				43B5B9DE27FDDAB20094CE7E /* style.html in Resources */,
				43B5B9C827FDD3610094CE7E /* Assets.xcassets in Resources */,
				43B5B9DC27FDDAB20094CE7E /* data.json in Resources */,
			);
			runOnlyForDeploymentPostprocessing = 0;
		};
		43B5B9BF27FDD3610094CE7E /* Resources */ = {
			isa = PBXResourcesBuildPhase;
			buildActionMask = 2147483647;
			files = (
				43B5B9DF27FDDAB20094CE7E /* style.html in Resources */,
				43B5B9C927FDD3610094CE7E /* Assets.xcassets in Resources */,
				43B5B9DD27FDDAB20094CE7E /* data.json in Resources */,
			);
			runOnlyForDeploymentPostprocessing = 0;
		};
/* End PBXResourcesBuildPhase section */

/* Begin PBXSourcesBuildPhase section */
		43B5B9B727FDD3610094CE7E /* Sources */ = {
			isa = PBXSourcesBuildPhase;
			buildActionMask = 2147483647;
			files = (
				437235FE2804C92400185ED5 /* ContentViewRow.swift in Sources */,
				43B5B9C627FDD3610094CE7E /* HomeView.swift in Sources */,
				43CC119F28046BED006300C2 /* HomeViewRow.swift in Sources */,
				43CC211928072D5100162629 /* RectangleCard.swift in Sources */,
				43695DBF2801087E000DF300 /* Question.swift in Sources */,
				43248B652805B00800928F05 /* CodeTextView.swift in Sources */,
				43695DB3280105F8000DF300 /* Module.swift in Sources */,
				43B5B9C427FDD3610094CE7E /* LearningApp.swift in Sources */,
				43695DBC280107F9000DF300 /* Test.swift in Sources */,
				437236072804DE6B00185ED5 /* Constants.swift in Sources */,
				437236012804D3CA00185ED5 /* ContentDetailView.swift in Sources */,
				437235FB2804B6F100185ED5 /* ContentView.swift in Sources */,
				43695DB92801070E000DF300 /* Lesson.swift in Sources */,
				43695DB628010667000DF300 /* Content.swift in Sources */,
				43B5B9D827FDD6380094CE7E /* ContentModel.swift in Sources */,
			);
			runOnlyForDeploymentPostprocessing = 0;
		};
		43B5B9BD27FDD3610094CE7E /* Sources */ = {
			isa = PBXSourcesBuildPhase;
			buildActionMask = 2147483647;
			files = (
				437235FF2804C92400185ED5 /* ContentViewRow.swift in Sources */,
				43B5B9C727FDD3610094CE7E /* HomeView.swift in Sources */,
				43CC11A028046BED006300C2 /* HomeViewRow.swift in Sources */,
				43CC211A28072D5100162629 /* RectangleCard.swift in Sources */,
				43695DC02801087E000DF300 /* Question.swift in Sources */,
				43248B662805B00800928F05 /* CodeTextView.swift in Sources */,
				43695DB4280105F8000DF300 /* Module.swift in Sources */,
				43B5B9C527FDD3610094CE7E /* LearningApp.swift in Sources */,
				43695DBD280107F9000DF300 /* Test.swift in Sources */,
				437236082804DE6B00185ED5 /* Constants.swift in Sources */,
				437236022804D3CA00185ED5 /* ContentDetailView.swift in Sources */,
				437235FC2804B6F100185ED5 /* ContentView.swift in Sources */,
				43695DBA2801070E000DF300 /* Lesson.swift in Sources */,
				43695DB728010667000DF300 /* Content.swift in Sources */,
				43B5B9D927FDD6380094CE7E /* ContentModel.swift in Sources */,
			);
			runOnlyForDeploymentPostprocessing = 0;
		};
/* End PBXSourcesBuildPhase section */

/* Begin XCBuildConfiguration section */
		43B5B9CA27FDD3610094CE7E /* Debug */ = {
			isa = XCBuildConfiguration;
			buildSettings = {
				ALWAYS_SEARCH_USER_PATHS = NO;
				CLANG_ANALYZER_NONNULL = YES;
				CLANG_ANALYZER_NUMBER_OBJECT_CONVERSION = YES_AGGRESSIVE;
				CLANG_CXX_LANGUAGE_STANDARD = "gnu++17";
				CLANG_ENABLE_MODULES = YES;
				CLANG_ENABLE_OBJC_ARC = YES;
				CLANG_ENABLE_OBJC_WEAK = YES;
				CLANG_WARN_BLOCK_CAPTURE_AUTORELEASING = YES;
				CLANG_WARN_BOOL_CONVERSION = YES;
				CLANG_WARN_COMMA = YES;
				CLANG_WARN_CONSTANT_CONVERSION = YES;
				CLANG_WARN_DEPRECATED_OBJC_IMPLEMENTATIONS = YES;
				CLANG_WARN_DIRECT_OBJC_ISA_USAGE = YES_ERROR;
				CLANG_WARN_DOCUMENTATION_COMMENTS = YES;
				CLANG_WARN_EMPTY_BODY = YES;
				CLANG_WARN_ENUM_CONVERSION = YES;
				CLANG_WARN_INFINITE_RECURSION = YES;
				CLANG_WARN_INT_CONVERSION = YES;
				CLANG_WARN_NON_LITERAL_NULL_CONVERSION = YES;
				CLANG_WARN_OBJC_IMPLICIT_RETAIN_SELF = YES;
				CLANG_WARN_OBJC_LITERAL_CONVERSION = YES;
				CLANG_WARN_OBJC_ROOT_CLASS = YES_ERROR;
				CLANG_WARN_QUOTED_INCLUDE_IN_FRAMEWORK_HEADER = YES;
				CLANG_WARN_RANGE_LOOP_ANALYSIS = YES;
				CLANG_WARN_STRICT_PROTOTYPES = YES;
				CLANG_WARN_SUSPICIOUS_MOVE = YES;
				CLANG_WARN_UNGUARDED_AVAILABILITY = YES_AGGRESSIVE;
				CLANG_WARN_UNREACHABLE_CODE = YES;
				CLANG_WARN__DUPLICATE_METHOD_MATCH = YES;
				COPY_PHASE_STRIP = NO;
				DEBUG_INFORMATION_FORMAT = dwarf;
				ENABLE_STRICT_OBJC_MSGSEND = YES;
				ENABLE_TESTABILITY = YES;
				GCC_C_LANGUAGE_STANDARD = gnu11;
				GCC_DYNAMIC_NO_PIC = NO;
				GCC_NO_COMMON_BLOCKS = YES;
				GCC_OPTIMIZATION_LEVEL = 0;
				GCC_PREPROCESSOR_DEFINITIONS = (
					"DEBUG=1",
					"$(inherited)",
				);
				GCC_WARN_64_TO_32_BIT_CONVERSION = YES;
				GCC_WARN_ABOUT_RETURN_TYPE = YES_ERROR;
				GCC_WARN_UNDECLARED_SELECTOR = YES;
				GCC_WARN_UNINITIALIZED_AUTOS = YES_AGGRESSIVE;
				GCC_WARN_UNUSED_FUNCTION = YES;
				GCC_WARN_UNUSED_VARIABLE = YES;
				MTL_ENABLE_DEBUG_INFO = INCLUDE_SOURCE;
				MTL_FAST_MATH = YES;
				ONLY_ACTIVE_ARCH = YES;
				SWIFT_ACTIVE_COMPILATION_CONDITIONS = DEBUG;
				SWIFT_OPTIMIZATION_LEVEL = "-Onone";
			};
			name = Debug;
		};
		43B5B9CB27FDD3610094CE7E /* Release */ = {
			isa = XCBuildConfiguration;
			buildSettings = {
				ALWAYS_SEARCH_USER_PATHS = NO;
				CLANG_ANALYZER_NONNULL = YES;
				CLANG_ANALYZER_NUMBER_OBJECT_CONVERSION = YES_AGGRESSIVE;
				CLANG_CXX_LANGUAGE_STANDARD = "gnu++17";
				CLANG_ENABLE_MODULES = YES;
				CLANG_ENABLE_OBJC_ARC = YES;
				CLANG_ENABLE_OBJC_WEAK = YES;
				CLANG_WARN_BLOCK_CAPTURE_AUTORELEASING = YES;
				CLANG_WARN_BOOL_CONVERSION = YES;
				CLANG_WARN_COMMA = YES;
				CLANG_WARN_CONSTANT_CONVERSION = YES;
				CLANG_WARN_DEPRECATED_OBJC_IMPLEMENTATIONS = YES;
				CLANG_WARN_DIRECT_OBJC_ISA_USAGE = YES_ERROR;
				CLANG_WARN_DOCUMENTATION_COMMENTS = YES;
				CLANG_WARN_EMPTY_BODY = YES;
				CLANG_WARN_ENUM_CONVERSION = YES;
				CLANG_WARN_INFINITE_RECURSION = YES;
				CLANG_WARN_INT_CONVERSION = YES;
				CLANG_WARN_NON_LITERAL_NULL_CONVERSION = YES;
				CLANG_WARN_OBJC_IMPLICIT_RETAIN_SELF = YES;
				CLANG_WARN_OBJC_LITERAL_CONVERSION = YES;
				CLANG_WARN_OBJC_ROOT_CLASS = YES_ERROR;
				CLANG_WARN_QUOTED_INCLUDE_IN_FRAMEWORK_HEADER = YES;
				CLANG_WARN_RANGE_LOOP_ANALYSIS = YES;
				CLANG_WARN_STRICT_PROTOTYPES = YES;
				CLANG_WARN_SUSPICIOUS_MOVE = YES;
				CLANG_WARN_UNGUARDED_AVAILABILITY = YES_AGGRESSIVE;
				CLANG_WARN_UNREACHABLE_CODE = YES;
				CLANG_WARN__DUPLICATE_METHOD_MATCH = YES;
				COPY_PHASE_STRIP = NO;
				DEBUG_INFORMATION_FORMAT = "dwarf-with-dsym";
				ENABLE_NS_ASSERTIONS = NO;
				ENABLE_STRICT_OBJC_MSGSEND = YES;
				GCC_C_LANGUAGE_STANDARD = gnu11;
				GCC_NO_COMMON_BLOCKS = YES;
				GCC_WARN_64_TO_32_BIT_CONVERSION = YES;
				GCC_WARN_ABOUT_RETURN_TYPE = YES_ERROR;
				GCC_WARN_UNDECLARED_SELECTOR = YES;
				GCC_WARN_UNINITIALIZED_AUTOS = YES_AGGRESSIVE;
				GCC_WARN_UNUSED_FUNCTION = YES;
				GCC_WARN_UNUSED_VARIABLE = YES;
				MTL_ENABLE_DEBUG_INFO = NO;
				MTL_FAST_MATH = YES;
				SWIFT_COMPILATION_MODE = wholemodule;
				SWIFT_OPTIMIZATION_LEVEL = "-O";
			};
			name = Release;
		};
		43B5B9CD27FDD3610094CE7E /* Debug */ = {
			isa = XCBuildConfiguration;
			buildSettings = {
				ASSETCATALOG_COMPILER_APPICON_NAME = AppIcon;
				ASSETCATALOG_COMPILER_GLOBAL_ACCENT_COLOR_NAME = AccentColor;
				CODE_SIGN_STYLE = Automatic;
				CURRENT_PROJECT_VERSION = 1;
				DEVELOPMENT_TEAM = 6H45J9ZG9W;
				ENABLE_PREVIEWS = YES;
				GENERATE_INFOPLIST_FILE = YES;
				INFOPLIST_KEY_UIApplicationSceneManifest_Generation = YES;
				INFOPLIST_KEY_UIApplicationSupportsIndirectInputEvents = YES;
				INFOPLIST_KEY_UILaunchScreen_Generation = YES;
				INFOPLIST_KEY_UISupportedInterfaceOrientations_iPad = "UIInterfaceOrientationPortrait UIInterfaceOrientationPortraitUpsideDown UIInterfaceOrientationLandscapeLeft UIInterfaceOrientationLandscapeRight";
				INFOPLIST_KEY_UISupportedInterfaceOrientations_iPhone = "UIInterfaceOrientationPortrait UIInterfaceOrientationLandscapeLeft UIInterfaceOrientationLandscapeRight";
				IPHONEOS_DEPLOYMENT_TARGET = 15.4;
				LD_RUNPATH_SEARCH_PATHS = (
					"$(inherited)",
					"@executable_path/Frameworks",
				);
				MARKETING_VERSION = 1.0;
				PRODUCT_BUNDLE_IDENTIFIER = "com.emkinter.Learning-App";
				PRODUCT_NAME = "Learning App";
				SDKROOT = iphoneos;
				SWIFT_EMIT_LOC_STRINGS = YES;
				SWIFT_VERSION = 5.0;
				TARGETED_DEVICE_FAMILY = "1,2";
			};
			name = Debug;
		};
		43B5B9CE27FDD3610094CE7E /* Release */ = {
			isa = XCBuildConfiguration;
			buildSettings = {
				ASSETCATALOG_COMPILER_APPICON_NAME = AppIcon;
				ASSETCATALOG_COMPILER_GLOBAL_ACCENT_COLOR_NAME = AccentColor;
				CODE_SIGN_STYLE = Automatic;
				CURRENT_PROJECT_VERSION = 1;
				DEVELOPMENT_TEAM = 6H45J9ZG9W;
				ENABLE_PREVIEWS = YES;
				GENERATE_INFOPLIST_FILE = YES;
				INFOPLIST_KEY_UIApplicationSceneManifest_Generation = YES;
				INFOPLIST_KEY_UIApplicationSupportsIndirectInputEvents = YES;
				INFOPLIST_KEY_UILaunchScreen_Generation = YES;
				INFOPLIST_KEY_UISupportedInterfaceOrientations_iPad = "UIInterfaceOrientationPortrait UIInterfaceOrientationPortraitUpsideDown UIInterfaceOrientationLandscapeLeft UIInterfaceOrientationLandscapeRight";
				INFOPLIST_KEY_UISupportedInterfaceOrientations_iPhone = "UIInterfaceOrientationPortrait UIInterfaceOrientationLandscapeLeft UIInterfaceOrientationLandscapeRight";
				IPHONEOS_DEPLOYMENT_TARGET = 15.4;
				LD_RUNPATH_SEARCH_PATHS = (
					"$(inherited)",
					"@executable_path/Frameworks",
				);
				MARKETING_VERSION = 1.0;
				PRODUCT_BUNDLE_IDENTIFIER = "com.emkinter.Learning-App";
				PRODUCT_NAME = "Learning App";
				SDKROOT = iphoneos;
				SWIFT_EMIT_LOC_STRINGS = YES;
				SWIFT_VERSION = 5.0;
				TARGETED_DEVICE_FAMILY = "1,2";
				VALIDATE_PRODUCT = YES;
			};
			name = Release;
		};
		43B5B9D027FDD3610094CE7E /* Debug */ = {
			isa = XCBuildConfiguration;
			buildSettings = {
				ASSETCATALOG_COMPILER_APPICON_NAME = AppIcon;
				ASSETCATALOG_COMPILER_GLOBAL_ACCENT_COLOR_NAME = AccentColor;
				CODE_SIGN_ENTITLEMENTS = macOS/macOS.entitlements;
				CODE_SIGN_STYLE = Automatic;
				COMBINE_HIDPI_IMAGES = YES;
				CURRENT_PROJECT_VERSION = 1;
				DEVELOPMENT_TEAM = 6H45J9ZG9W;
				ENABLE_HARDENED_RUNTIME = YES;
				ENABLE_PREVIEWS = YES;
				GENERATE_INFOPLIST_FILE = YES;
				INFOPLIST_KEY_NSHumanReadableCopyright = "";
				LD_RUNPATH_SEARCH_PATHS = (
					"$(inherited)",
					"@executable_path/../Frameworks",
				);
				MACOSX_DEPLOYMENT_TARGET = 12.3;
				MARKETING_VERSION = 1.0;
				PRODUCT_BUNDLE_IDENTIFIER = "com.emkinter.Learning-App";
				PRODUCT_NAME = "Learning App";
				SDKROOT = macosx;
				SWIFT_EMIT_LOC_STRINGS = YES;
				SWIFT_VERSION = 5.0;
			};
			name = Debug;
		};
		43B5B9D127FDD3610094CE7E /* Release */ = {
			isa = XCBuildConfiguration;
			buildSettings = {
				ASSETCATALOG_COMPILER_APPICON_NAME = AppIcon;
				ASSETCATALOG_COMPILER_GLOBAL_ACCENT_COLOR_NAME = AccentColor;
				CODE_SIGN_ENTITLEMENTS = macOS/macOS.entitlements;
				CODE_SIGN_STYLE = Automatic;
				COMBINE_HIDPI_IMAGES = YES;
				CURRENT_PROJECT_VERSION = 1;
				DEVELOPMENT_TEAM = 6H45J9ZG9W;
				ENABLE_HARDENED_RUNTIME = YES;
				ENABLE_PREVIEWS = YES;
				GENERATE_INFOPLIST_FILE = YES;
				INFOPLIST_KEY_NSHumanReadableCopyright = "";
				LD_RUNPATH_SEARCH_PATHS = (
					"$(inherited)",
					"@executable_path/../Frameworks",
				);
				MACOSX_DEPLOYMENT_TARGET = 12.3;
				MARKETING_VERSION = 1.0;
				PRODUCT_BUNDLE_IDENTIFIER = "com.emkinter.Learning-App";
				PRODUCT_NAME = "Learning App";
				SDKROOT = macosx;
				SWIFT_EMIT_LOC_STRINGS = YES;
				SWIFT_VERSION = 5.0;
			};
			name = Release;
		};
/* End XCBuildConfiguration section */

/* Begin XCConfigurationList section */
		43B5B9B227FDD35E0094CE7E /* Build configuration list for PBXProject "Learning App" */ = {
			isa = XCConfigurationList;
			buildConfigurations = (
				43B5B9CA27FDD3610094CE7E /* Debug */,
				43B5B9CB27FDD3610094CE7E /* Release */,
			);
			defaultConfigurationIsVisible = 0;
			defaultConfigurationName = Release;
		};
		43B5B9CC27FDD3610094CE7E /* Build configuration list for PBXNativeTarget "Learning App (iOS)" */ = {
			isa = XCConfigurationList;
			buildConfigurations = (
				43B5B9CD27FDD3610094CE7E /* Debug */,
				43B5B9CE27FDD3610094CE7E /* Release */,
			);
			defaultConfigurationIsVisible = 0;
			defaultConfigurationName = Release;
		};
		43B5B9CF27FDD3610094CE7E /* Build configuration list for PBXNativeTarget "Learning App (macOS)" */ = {
			isa = XCConfigurationList;
			buildConfigurations = (
				43B5B9D027FDD3610094CE7E /* Debug */,
				43B5B9D127FDD3610094CE7E /* Release */,
			);
			defaultConfigurationIsVisible = 0;
			defaultConfigurationName = Release;
		};
/* End XCConfigurationList section */
	};
	rootObject = 43B5B9AF27FDD35E0094CE7E /* Project object */;
}
